
Microsoft Visual Studio Solution File, Format Version 12.00
# Visual Studio 15
VisualStudioVersion = 15.0.27703.2000
MinimumVisualStudioVersion = 10.0.40219.1
Project("{FAE04EC0-301F-11D3-BF4B-00C04F79EFBC}") = "BookStore", "BookStore\BookStore.csproj", "{1AD8EAA0-5A33-493E-A838-A53E52C8037D}"
EndProject
Project("{FAE04EC0-301F-11D3-BF4B-00C04F79EFBC}") = "TextBasedClient", "TextBasedClient\TextBasedClient.csproj", "{7A4ACD3F-FED4-4FE7-B9FF-6106F152A598}"
EndProject
Project("{FAE04EC0-301F-11D3-BF4B-00C04F79EFBC}") = "GraphicalClient", "GraphicalClient\GraphicalClient.csproj", "{A920964E-8EDA-4BDC-940E-1368ABF185C1}"
EndProject
Project("{FAE04EC0-301F-11D3-BF4B-00C04F79EFBC}") = "WebClient", "WebClient\WebClient.csproj", "{24863C2E-79CE-4FC6-8B0F-5B0EAD742314}"
EndProject
Global
	GlobalSection(SolutionConfigurationPlatforms) = preSolution
		Debug|Any CPU = Debug|Any CPU
		Release|Any CPU = Release|Any CPU
	EndGlobalSection
	GlobalSection(ProjectConfigurationPlatforms) = postSolution
		{1AD8EAA0-5A33-493E-A838-A53E52C8037D}.Debug|Any CPU.ActiveCfg = Debug|Any CPU
		{1AD8EAA0-5A33-493E-A838-A53E52C8037D}.Debug|Any CPU.Build.0 = Debug|Any CPU
		{1AD8EAA0-5A33-493E-A838-A53E52C8037D}.Release|Any CPU.ActiveCfg = Release|Any CPU
		{1AD8EAA0-5A33-493E-A838-A53E52C8037D}.Release|Any CPU.Build.0 = Release|Any CPU
		{7A4ACD3F-FED4-4FE7-B9FF-6106F152A598}.Debug|Any CPU.ActiveCfg = Debug|Any CPU
		{7A4ACD3F-FED4-4FE7-B9FF-6106F152A598}.Debug|Any CPU.Build.0 = Debug|Any CPU
		{7A4ACD3F-FED4-4FE7-B9FF-6106F152A598}.Release|Any CPU.ActiveCfg = Release|Any CPU
		{7A4ACD3F-FED4-4FE7-B9FF-6106F152A598}.Release|Any CPU.Build.0 = Release|Any CPU
		{A920964E-8EDA-4BDC-940E-1368ABF185C1}.Debug|Any CPU.ActiveCfg = Debug|Any CPU
		{A920964E-8EDA-4BDC-940E-1368ABF185C1}.Debug|Any CPU.Build.0 = Debug|Any CPU
		{A920964E-8EDA-4BDC-940E-1368ABF185C1}.Release|Any CPU.ActiveCfg = Release|Any CPU
		{A920964E-8EDA-4BDC-940E-1368ABF185C1}.Release|Any CPU.Build.0 = Release|Any CPU
		{24863C2E-79CE-4FC6-8B0F-5B0EAD742314}.Debug|Any CPU.ActiveCfg = Debug|Any CPU
		{24863C2E-79CE-4FC6-8B0F-5B0EAD742314}.Debug|Any CPU.Build.0 = Debug|Any CPU
		{24863C2E-79CE-4FC6-8B0F-5B0EAD742314}.Release|Any CPU.ActiveCfg = Release|Any CPU
		{24863C2E-79CE-4FC6-8B0F-5B0EAD742314}.Release|Any CPU.Build.0 = Release|Any CPU
	EndGlobalSection
	GlobalSection(SolutionProperties) = preSolution
		HideSolutionNode = FALSE
	EndGlobalSection
	GlobalSection(ExtensibilityGlobals) = postSolution
		SolutionGuid = {C8132586-BFD9-4AD6-A36B-AD87B10AC4B6}
	EndGlobalSection
EndGlobal
